
Microsoft Visual Studio Solution File, Format Version 12.00
# Visual Studio 15
VisualStudioVersion = 15.0.27004.2008
MinimumVisualStudioVersion = 10.0.40219.1
Project("{FAE04EC0-301F-11D3-BF4B-00C04F79EFBC}") = "AfestaExtract", "AfestaExtract\AfestaExtract.csproj", "{BA05A633-C32D-4ED6-9CCC-1CCCA9218EFA}"
EndProject
Global
	GlobalSection(SolutionConfigurationPlatforms) = preSolution
		Debug|Any CPU = Debug|Any CPU
		Release|Any CPU = Release|Any CPU
	EndGlobalSection
	GlobalSection(ProjectConfigurationPlatforms) = postSolution
		{BA05A633-C32D-4ED6-9CCC-1CCCA9218EFA}.Debug|Any CPU.ActiveCfg = Debug|Any CPU
		{BA05A633-C32D-4ED6-9CCC-1CCCA9218EFA}.Debug|Any CPU.Build.0 = Debug|Any CPU
		{BA05A633-C32D-4ED6-9CCC-1CCCA9218EFA}.Release|Any CPU.ActiveCfg = Release|Any CPU
		{BA05A633-C32D-4ED6-9CCC-1CCCA9218EFA}.Release|Any CPU.Build.0 = Release|Any CPU
	EndGlobalSection
	GlobalSection(SolutionProperties) = preSolution
		HideSolutionNode = FALSE
	EndGlobalSection
	GlobalSection(ExtensibilityGlobals) = postSolution
		SolutionGuid = {8AE96316-A34F-49FC-89EB-06EEA8BC02AE}
	EndGlobalSection
EndGlobal
